
Microsoft Visual Studio Solution File, Format Version 12.00
# Visual Studio Version 17
VisualStudioVersion = 17.1.32414.318
MinimumVisualStudioVersion = 10.0.40219.1
Project("{FAE04EC0-301F-11D3-BF4B-00C04F79EFBC}") = "WebApi", "WebApi\WebApi.csproj", "{EA96C1F4-3861-4360-A854-096F156776D5}"
EndProject
Global
	GlobalSection(SolutionConfigurationPlatforms) = preSolution
		Debug|Any CPU = Debug|Any CPU
		Release|Any CPU = Release|Any CPU
	EndGlobalSection
	GlobalSection(ProjectConfigurationPlatforms) = postSolution
		{EA96C1F4-3861-4360-A854-096F156776D5}.Debug|Any CPU.ActiveCfg = Debug|Any CPU
		{EA96C1F4-3861-4360-A854-096F156776D5}.Debug|Any CPU.Build.0 = Debug|Any CPU
		{EA96C1F4-3861-4360-A854-096F156776D5}.Release|Any CPU.ActiveCfg = Release|Any CPU
		{EA96C1F4-3861-4360-A854-096F156776D5}.Release|Any CPU.Build.0 = Release|Any CPU
	EndGlobalSection
	GlobalSection(SolutionProperties) = preSolution
		HideSolutionNode = FALSE
	EndGlobalSection
	GlobalSection(ExtensibilityGlobals) = postSolution
		SolutionGuid = {1A65F5A3-BB5A-4D3E-AC81-89B9A935FEA4}
	EndGlobalSection
EndGlobal
